
Microsoft Visual Studio Solution File, Format Version 12.00
# Visual Studio Version 16
VisualStudioVersion = 16.0.30621.155
MinimumVisualStudioVersion = 10.0.40219.1
Project("{9A19103F-16F7-4668-BE54-9A1E7A4F7556}") = "Lab2", "SpecFlowProject2\Lab2.csproj", "{22A88EA8-F86D-44BF-9ADD-B4DD0D68CE22}"
EndProject
Project("{FAE04EC0-301F-11D3-BF4B-00C04F79EFBC}") = "PageObject", "PageObject\PageObject.csproj", "{E67986D5-A7A2-4263-9E16-3A162638DD8B}"
EndProject
Global
	GlobalSection(SolutionConfigurationPlatforms) = preSolution
		Debug|Any CPU = Debug|Any CPU
		Release|Any CPU = Release|Any CPU
	EndGlobalSection
	GlobalSection(ProjectConfigurationPlatforms) = postSolution
		{22A88EA8-F86D-44BF-9ADD-B4DD0D68CE22}.Debug|Any CPU.ActiveCfg = Debug|Any CPU
		{22A88EA8-F86D-44BF-9ADD-B4DD0D68CE22}.Debug|Any CPU.Build.0 = Debug|Any CPU
		{22A88EA8-F86D-44BF-9ADD-B4DD0D68CE22}.Release|Any CPU.ActiveCfg = Release|Any CPU
		{22A88EA8-F86D-44BF-9ADD-B4DD0D68CE22}.Release|Any CPU.Build.0 = Release|Any CPU
		{E67986D5-A7A2-4263-9E16-3A162638DD8B}.Debug|Any CPU.ActiveCfg = Debug|Any CPU
		{E67986D5-A7A2-4263-9E16-3A162638DD8B}.Debug|Any CPU.Build.0 = Debug|Any CPU
		{E67986D5-A7A2-4263-9E16-3A162638DD8B}.Release|Any CPU.ActiveCfg = Release|Any CPU
		{E67986D5-A7A2-4263-9E16-3A162638DD8B}.Release|Any CPU.Build.0 = Release|Any CPU
	EndGlobalSection
	GlobalSection(SolutionProperties) = preSolution
		HideSolutionNode = FALSE
	EndGlobalSection
	GlobalSection(ExtensibilityGlobals) = postSolution
		SolutionGuid = {777C4663-B829-4408-A699-F4F14B8497DC}
	EndGlobalSection
EndGlobal
